// !$*UTF8*$!
{
	archiveVersion = 1;
	classes = {
	};
	objectVersion = 46;
	objects = {

/* Begin PBXBuildFile section */
		0C2905001A332BE200227B1E /* RealmManager.m in Sources */ = {isa = PBXBuildFile; fileRef = 0C2904FF1A332BE200227B1E /* RealmManager.m */; };
		0C2905041A333EB200227B1E /* User.m in Sources */ = {isa = PBXBuildFile; fileRef = 0C2905031A333EB200227B1E /* User.m */; };
		0C2905081A333F7400227B1E /* Favorite.m in Sources */ = {isa = PBXBuildFile; fileRef = 0C2905071A333F7400227B1E /* Favorite.m */; };
		0C29051C1A3345E400227B1E /* status.plist in Resources */ = {isa = PBXBuildFile; fileRef = 0C29051B1A3345E400227B1E /* status.plist */; };
		0C3055F21A31F3F600F4D4B2 /* main.m in Sources */ = {isa = PBXBuildFile; fileRef = 0C3055F11A31F3F600F4D4B2 /* main.m */; };
		0C3055F51A31F3F600F4D4B2 /* AppDelegate.m in Sources */ = {isa = PBXBuildFile; fileRef = 0C3055F41A31F3F600F4D4B2 /* AppDelegate.m */; };
		0C3055F81A31F3F600F4D4B2 /* ViewController.m in Sources */ = {isa = PBXBuildFile; fileRef = 0C3055F71A31F3F600F4D4B2 /* ViewController.m */; };
		0C3055FD1A31F3F600F4D4B2 /* Images.xcassets in Resources */ = {isa = PBXBuildFile; fileRef = 0C3055FC1A31F3F600F4D4B2 /* Images.xcassets */; };
		0C30560C1A31F3F600F4D4B2 /* DelimaTests.m in Sources */ = {isa = PBXBuildFile; fileRef = 0C30560B1A31F3F600F4D4B2 /* DelimaTests.m */; };
		0C66B2381A3868360006CBAB /* DelimaCommonFunction.m in Sources */ = {isa = PBXBuildFile; fileRef = 0C66B2371A3868360006CBAB /* DelimaCommonFunction.m */; };
		0C6D9FB81A386FEF00DC9E2D /* Login.storyboard in Resources */ = {isa = PBXBuildFile; fileRef = 0C6D9FB71A386FEF00DC9E2D /* Login.storyboard */; };
		0C6D9FBB1A38726900DC9E2D /* API+LoginManager.m in Sources */ = {isa = PBXBuildFile; fileRef = 0C6D9FBA1A38726900DC9E2D /* API+LoginManager.m */; };
		0C9FCA931A3B496000BED34F /* Cashin.storyboard in Resources */ = {isa = PBXBuildFile; fileRef = 0C9FCA921A3B496000BED34F /* Cashin.storyboard */; };
		0C9FCA951A3B496F00BED34F /* Beli.storyboard in Resources */ = {isa = PBXBuildFile; fileRef = 0C9FCA941A3B496F00BED34F /* Beli.storyboard */; };
		0C9FCA971A3B497A00BED34F /* Bayar.storyboard in Resources */ = {isa = PBXBuildFile; fileRef = 0C9FCA961A3B497A00BED34F /* Bayar.storyboard */; };
		0C9FCA9A1A3BFA2F00BED34F /* Transfer.storyboard in Resources */ = {isa = PBXBuildFile; fileRef = 0C9FCA991A3BFA2E00BED34F /* Transfer.storyboard */; };
		0C9FCA9D1A3BFCD800BED34F /* CashInViewController.m in Sources */ = {isa = PBXBuildFile; fileRef = 0C9FCA9C1A3BFCD800BED34F /* CashInViewController.m */; };
		0C9FCAA01A3BFE2800BED34F /* TransferViewController.m in Sources */ = {isa = PBXBuildFile; fileRef = 0C9FCA9F1A3BFE2800BED34F /* TransferViewController.m */; };
		0C9FCAA31A3BFE4E00BED34F /* TransferTableViewController.m in Sources */ = {isa = PBXBuildFile; fileRef = 0C9FCAA21A3BFE4E00BED34F /* TransferTableViewController.m */; };
		0C9FCAA51A3BFF5C00BED34F /* History.storyboard in Resources */ = {isa = PBXBuildFile; fileRef = 0C9FCAA41A3BFF5C00BED34F /* History.storyboard */; };
		0C9FCAA71A3BFF6900BED34F /* Pengaturan.storyboard in Resources */ = {isa = PBXBuildFile; fileRef = 0C9FCAA61A3BFF6900BED34F /* Pengaturan.storyboard */; };
		0C9FCAAA1A3C011200BED34F /* BayarListTableViewController.m in Sources */ = {isa = PBXBuildFile; fileRef = 0C9FCAA91A3C011200BED34F /* BayarListTableViewController.m */; };
		0C9FCAAD1A3C013600BED34F /* SharedBayarDetailViewController.m in Sources */ = {isa = PBXBuildFile; fileRef = 0C9FCAAC1A3C013600BED34F /* SharedBayarDetailViewController.m */; };
		0C9FCAB01A3C046500BED34F /* BeliListTableViewController.m in Sources */ = {isa = PBXBuildFile; fileRef = 0C9FCAAF1A3C046500BED34F /* BeliListTableViewController.m */; };
		0C9FCAB31A3C049E00BED34F /* SharedBeliViewController.m in Sources */ = {isa = PBXBuildFile; fileRef = 0C9FCAB21A3C049E00BED34F /* SharedBeliViewController.m */; };
		0C9FCAB61A3C08C100BED34F /* HistoryTableViewController.m in Sources */ = {isa = PBXBuildFile; fileRef = 0C9FCAB51A3C08C100BED34F /* HistoryTableViewController.m */; };
		0CAAD2DE1A320AD100DE3B5B /* Default-568h@2x.png in Resources */ = {isa = PBXBuildFile; fileRef = 0CAAD2DD1A320AD100DE3B5B /* Default-568h@2x.png */; };
		0CAAD2E61A320ED100DE3B5B /* Main.storyboard in Resources */ = {isa = PBXBuildFile; fileRef = 0CAAD2E51A320ED100DE3B5B /* Main.storyboard */; };
		0CAAD2EA1A32120300DE3B5B /* LeftViewController.m in Sources */ = {isa = PBXBuildFile; fileRef = 0CAAD2E91A32120300DE3B5B /* LeftViewController.m */; };
		0CAAD2F71A32217100DE3B5B /* BarHelper.m in Sources */ = {isa = PBXBuildFile; fileRef = 0CAAD2F61A32217100DE3B5B /* BarHelper.m */; };
		0CAAD2FA1A32218200DE3B5B /* ColorHelper.m in Sources */ = {isa = PBXBuildFile; fileRef = 0CAAD2F91A32218200DE3B5B /* ColorHelper.m */; };
		0CAAD3001A32230300DE3B5B /* globalVariable.m in Sources */ = {isa = PBXBuildFile; fileRef = 0CAAD2FF1A32230300DE3B5B /* globalVariable.m */; };
		0CAAD3031A32235F00DE3B5B /* delimaAPIManager.m in Sources */ = {isa = PBXBuildFile; fileRef = 0CAAD3021A32235F00DE3B5B /* delimaAPIManager.m */; };
		0CAAD3171A32856A00DE3B5B /* MenuCell.m in Sources */ = {isa = PBXBuildFile; fileRef = 0CAAD3161A32856A00DE3B5B /* MenuCell.m */; };
		0CDC13BF1A3430380074B6CF /* LoginViewController.m in Sources */ = {isa = PBXBuildFile; fileRef = 0CDC13BE1A3430380074B6CF /* LoginViewController.m */; };
		0CDC13C21A3434CF0074B6CF /* MainLoginViewController.m in Sources */ = {isa = PBXBuildFile; fileRef = 0CDC13C11A3434CE0074B6CF /* MainLoginViewController.m */; };
		23F0F348DE0464F21073F790 /* libPods-Delima.a in Frameworks */ = {isa = PBXBuildFile; fileRef = C33F5048AF3CDEF2614FF158 /* libPods-Delima.a */; };
/* End PBXBuildFile section */

/* Begin PBXContainerItemProxy section */
		0C3056061A31F3F600F4D4B2 /* PBXContainerItemProxy */ = {
			isa = PBXContainerItemProxy;
			containerPortal = 0C3055E41A31F3F600F4D4B2 /* Project object */;
			proxyType = 1;
			remoteGlobalIDString = 0C3055EB1A31F3F600F4D4B2;
			remoteInfo = Delima;
		};
/* End PBXContainerItemProxy section */

/* Begin PBXFileReference section */
		082D33E1F53ABADDD871A6AF /* Pods-Delima.debug.xcconfig */ = {isa = PBXFileReference; includeInIndex = 1; lastKnownFileType = text.xcconfig; name = "Pods-Delima.debug.xcconfig"; path = "Pods/Target Support Files/Pods-Delima/Pods-Delima.debug.xcconfig"; sourceTree = "<group>"; };
		0C2904FE1A332BE200227B1E /* RealmManager.h */ = {isa = PBXFileReference; fileEncoding = 4; lastKnownFileType = sourcecode.c.h; path = RealmManager.h; sourceTree = "<group>"; };
		0C2904FF1A332BE200227B1E /* RealmManager.m */ = {isa = PBXFileReference; fileEncoding = 4; lastKnownFileType = sourcecode.c.objc; path = RealmManager.m; sourceTree = "<group>"; };
		0C2905021A333EB200227B1E /* User.h */ = {isa = PBXFileReference; fileEncoding = 4; lastKnownFileType = sourcecode.c.h; path = User.h; sourceTree = "<group>"; };
		0C2905031A333EB200227B1E /* User.m */ = {isa = PBXFileReference; fileEncoding = 4; lastKnownFileType = sourcecode.c.objc; path = User.m; sourceTree = "<group>"; };
		0C2905061A333F7400227B1E /* Favorite.h */ = {isa = PBXFileReference; fileEncoding = 4; lastKnownFileType = sourcecode.c.h; path = Favorite.h; sourceTree = "<group>"; };
		0C2905071A333F7400227B1E /* Favorite.m */ = {isa = PBXFileReference; fileEncoding = 4; lastKnownFileType = sourcecode.c.objc; path = Favorite.m; sourceTree = "<group>"; };
		0C29051B1A3345E400227B1E /* status.plist */ = {isa = PBXFileReference; fileEncoding = 4; lastKnownFileType = text.plist.xml; path = status.plist; sourceTree = "<group>"; };
		0C3055EC1A31F3F600F4D4B2 /* Delima.app */ = {isa = PBXFileReference; explicitFileType = wrapper.application; includeInIndex = 0; path = Delima.app; sourceTree = BUILT_PRODUCTS_DIR; };
		0C3055F01A31F3F600F4D4B2 /* Info.plist */ = {isa = PBXFileReference; lastKnownFileType = text.plist.xml; path = Info.plist; sourceTree = "<group>"; };
		0C3055F11A31F3F600F4D4B2 /* main.m */ = {isa = PBXFileReference; lastKnownFileType = sourcecode.c.objc; path = main.m; sourceTree = "<group>"; };
		0C3055F31A31F3F600F4D4B2 /* AppDelegate.h */ = {isa = PBXFileReference; lastKnownFileType = sourcecode.c.h; path = AppDelegate.h; sourceTree = "<group>"; };
		0C3055F41A31F3F600F4D4B2 /* AppDelegate.m */ = {isa = PBXFileReference; lastKnownFileType = sourcecode.c.objc; path = AppDelegate.m; sourceTree = "<group>"; };
		0C3055F61A31F3F600F4D4B2 /* ViewController.h */ = {isa = PBXFileReference; lastKnownFileType = sourcecode.c.h; path = ViewController.h; sourceTree = "<group>"; };
		0C3055F71A31F3F600F4D4B2 /* ViewController.m */ = {isa = PBXFileReference; lastKnownFileType = sourcecode.c.objc; path = ViewController.m; sourceTree = "<group>"; };
		0C3055FC1A31F3F600F4D4B2 /* Images.xcassets */ = {isa = PBXFileReference; lastKnownFileType = folder.assetcatalog; path = Images.xcassets; sourceTree = "<group>"; };
		0C3056051A31F3F600F4D4B2 /* DelimaTests.xctest */ = {isa = PBXFileReference; explicitFileType = wrapper.cfbundle; includeInIndex = 0; path = DelimaTests.xctest; sourceTree = BUILT_PRODUCTS_DIR; };
		0C30560A1A31F3F600F4D4B2 /* Info.plist */ = {isa = PBXFileReference; lastKnownFileType = text.plist.xml; path = Info.plist; sourceTree = "<group>"; };
		0C30560B1A31F3F600F4D4B2 /* DelimaTests.m */ = {isa = PBXFileReference; lastKnownFileType = sourcecode.c.objc; path = DelimaTests.m; sourceTree = "<group>"; };
		0C66B2361A3868360006CBAB /* DelimaCommonFunction.h */ = {isa = PBXFileReference; fileEncoding = 4; lastKnownFileType = sourcecode.c.h; path = DelimaCommonFunction.h; sourceTree = "<group>"; };
		0C66B2371A3868360006CBAB /* DelimaCommonFunction.m */ = {isa = PBXFileReference; fileEncoding = 4; lastKnownFileType = sourcecode.c.objc; path = DelimaCommonFunction.m; sourceTree = "<group>"; };
		0C6D9FB71A386FEF00DC9E2D /* Login.storyboard */ = {isa = PBXFileReference; fileEncoding = 4; lastKnownFileType = file.storyboard; path = Login.storyboard; sourceTree = "<group>"; };
		0C6D9FB91A38726900DC9E2D /* API+LoginManager.h */ = {isa = PBXFileReference; fileEncoding = 4; lastKnownFileType = sourcecode.c.h; path = "API+LoginManager.h"; sourceTree = "<group>"; };
		0C6D9FBA1A38726900DC9E2D /* API+LoginManager.m */ = {isa = PBXFileReference; fileEncoding = 4; lastKnownFileType = sourcecode.c.objc; path = "API+LoginManager.m"; sourceTree = "<group>"; };
		0C9FCA921A3B496000BED34F /* Cashin.storyboard */ = {isa = PBXFileReference; fileEncoding = 4; lastKnownFileType = file.storyboard; path = Cashin.storyboard; sourceTree = "<group>"; };
		0C9FCA941A3B496F00BED34F /* Beli.storyboard */ = {isa = PBXFileReference; fileEncoding = 4; lastKnownFileType = file.storyboard; path = Beli.storyboard; sourceTree = "<group>"; };
		0C9FCA961A3B497A00BED34F /* Bayar.storyboard */ = {isa = PBXFileReference; fileEncoding = 4; lastKnownFileType = file.storyboard; path = Bayar.storyboard; sourceTree = "<group>"; };
		0C9FCA991A3BFA2E00BED34F /* Transfer.storyboard */ = {isa = PBXFileReference; fileEncoding = 4; lastKnownFileType = file.storyboard; path = Transfer.storyboard; sourceTree = "<group>"; };
		0C9FCA9B1A3BFCD800BED34F /* CashInViewController.h */ = {isa = PBXFileReference; fileEncoding = 4; lastKnownFileType = sourcecode.c.h; path = CashInViewController.h; sourceTree = "<group>"; };
		0C9FCA9C1A3BFCD800BED34F /* CashInViewController.m */ = {isa = PBXFileReference; fileEncoding = 4; lastKnownFileType = sourcecode.c.objc; path = CashInViewController.m; sourceTree = "<group>"; };
		0C9FCA9E1A3BFE2800BED34F /* TransferViewController.h */ = {isa = PBXFileReference; fileEncoding = 4; lastKnownFileType = sourcecode.c.h; path = TransferViewController.h; sourceTree = "<group>"; };
		0C9FCA9F1A3BFE2800BED34F /* TransferViewController.m */ = {isa = PBXFileReference; fileEncoding = 4; lastKnownFileType = sourcecode.c.objc; path = TransferViewController.m; sourceTree = "<group>"; };
		0C9FCAA11A3BFE4E00BED34F /* TransferTableViewController.h */ = {isa = PBXFileReference; fileEncoding = 4; lastKnownFileType = sourcecode.c.h; path = TransferTableViewController.h; sourceTree = "<group>"; };
		0C9FCAA21A3BFE4E00BED34F /* TransferTableViewController.m */ = {isa = PBXFileReference; fileEncoding = 4; lastKnownFileType = sourcecode.c.objc; path = TransferTableViewController.m; sourceTree = "<group>"; };
		0C9FCAA41A3BFF5C00BED34F /* History.storyboard */ = {isa = PBXFileReference; fileEncoding = 4; lastKnownFileType = file.storyboard; path = History.storyboard; sourceTree = "<group>"; };
		0C9FCAA61A3BFF6900BED34F /* Pengaturan.storyboard */ = {isa = PBXFileReference; fileEncoding = 4; lastKnownFileType = file.storyboard; path = Pengaturan.storyboard; sourceTree = "<group>"; };
		0C9FCAA81A3C011200BED34F /* BayarListTableViewController.h */ = {isa = PBXFileReference; fileEncoding = 4; lastKnownFileType = sourcecode.c.h; path = BayarListTableViewController.h; sourceTree = "<group>"; };
		0C9FCAA91A3C011200BED34F /* BayarListTableViewController.m */ = {isa = PBXFileReference; fileEncoding = 4; lastKnownFileType = sourcecode.c.objc; path = BayarListTableViewController.m; sourceTree = "<group>"; };
		0C9FCAAB1A3C013600BED34F /* SharedBayarDetailViewController.h */ = {isa = PBXFileReference; fileEncoding = 4; lastKnownFileType = sourcecode.c.h; path = SharedBayarDetailViewController.h; sourceTree = "<group>"; };
		0C9FCAAC1A3C013600BED34F /* SharedBayarDetailViewController.m */ = {isa = PBXFileReference; fileEncoding = 4; lastKnownFileType = sourcecode.c.objc; path = SharedBayarDetailViewController.m; sourceTree = "<group>"; };
		0C9FCAAE1A3C046500BED34F /* BeliListTableViewController.h */ = {isa = PBXFileReference; fileEncoding = 4; lastKnownFileType = sourcecode.c.h; path = BeliListTableViewController.h; sourceTree = "<group>"; };
		0C9FCAAF1A3C046500BED34F /* BeliListTableViewController.m */ = {isa = PBXFileReference; fileEncoding = 4; lastKnownFileType = sourcecode.c.objc; path = BeliListTableViewController.m; sourceTree = "<group>"; };
		0C9FCAB11A3C049E00BED34F /* SharedBeliViewController.h */ = {isa = PBXFileReference; fileEncoding = 4; lastKnownFileType = sourcecode.c.h; path = SharedBeliViewController.h; sourceTree = "<group>"; };
		0C9FCAB21A3C049E00BED34F /* SharedBeliViewController.m */ = {isa = PBXFileReference; fileEncoding = 4; lastKnownFileType = sourcecode.c.objc; path = SharedBeliViewController.m; sourceTree = "<group>"; };
		0C9FCAB41A3C08C100BED34F /* HistoryTableViewController.h */ = {isa = PBXFileReference; fileEncoding = 4; lastKnownFileType = sourcecode.c.h; path = HistoryTableViewController.h; sourceTree = "<group>"; };
		0C9FCAB51A3C08C100BED34F /* HistoryTableViewController.m */ = {isa = PBXFileReference; fileEncoding = 4; lastKnownFileType = sourcecode.c.objc; path = HistoryTableViewController.m; sourceTree = "<group>"; };
		0CAAD2DD1A320AD100DE3B5B /* Default-568h@2x.png */ = {isa = PBXFileReference; lastKnownFileType = image.png; path = "Default-568h@2x.png"; sourceTree = "<group>"; };
		0CAAD2E51A320ED100DE3B5B /* Main.storyboard */ = {isa = PBXFileReference; fileEncoding = 4; lastKnownFileType = file.storyboard; path = Main.storyboard; sourceTree = "<group>"; };
		0CAAD2E81A32120300DE3B5B /* LeftViewController.h */ = {isa = PBXFileReference; fileEncoding = 4; lastKnownFileType = sourcecode.c.h; path = LeftViewController.h; sourceTree = "<group>"; };
		0CAAD2E91A32120300DE3B5B /* LeftViewController.m */ = {isa = PBXFileReference; fileEncoding = 4; lastKnownFileType = sourcecode.c.objc; path = LeftViewController.m; sourceTree = "<group>"; };
		0CAAD2F51A32217100DE3B5B /* BarHelper.h */ = {isa = PBXFileReference; fileEncoding = 4; lastKnownFileType = sourcecode.c.h; path = BarHelper.h; sourceTree = "<group>"; };
		0CAAD2F61A32217100DE3B5B /* BarHelper.m */ = {isa = PBXFileReference; fileEncoding = 4; lastKnownFileType = sourcecode.c.objc; path = BarHelper.m; sourceTree = "<group>"; };
		0CAAD2F81A32218200DE3B5B /* ColorHelper.h */ = {isa = PBXFileReference; fileEncoding = 4; lastKnownFileType = sourcecode.c.h; path = ColorHelper.h; sourceTree = "<group>"; };
		0CAAD2F91A32218200DE3B5B /* ColorHelper.m */ = {isa = PBXFileReference; fileEncoding = 4; lastKnownFileType = sourcecode.c.objc; path = ColorHelper.m; sourceTree = "<group>"; };
		0CAAD2FE1A32230300DE3B5B /* globalVariable.h */ = {isa = PBXFileReference; fileEncoding = 4; lastKnownFileType = sourcecode.c.h; path = globalVariable.h; sourceTree = "<group>"; };
		0CAAD2FF1A32230300DE3B5B /* globalVariable.m */ = {isa = PBXFileReference; fileEncoding = 4; lastKnownFileType = sourcecode.c.objc; path = globalVariable.m; sourceTree = "<group>"; };
		0CAAD3011A32235F00DE3B5B /* delimaAPIManager.h */ = {isa = PBXFileReference; fileEncoding = 4; lastKnownFileType = sourcecode.c.h; path = delimaAPIManager.h; sourceTree = "<group>"; };
		0CAAD3021A32235F00DE3B5B /* delimaAPIManager.m */ = {isa = PBXFileReference; fileEncoding = 4; lastKnownFileType = sourcecode.c.objc; path = delimaAPIManager.m; sourceTree = "<group>"; };
		0CAAD3051A32270100DE3B5B /* PrefixHeader.pch */ = {isa = PBXFileReference; lastKnownFileType = sourcecode.c.h; path = PrefixHeader.pch; sourceTree = "<group>"; };
		0CAAD3151A32856A00DE3B5B /* MenuCell.h */ = {isa = PBXFileReference; fileEncoding = 4; lastKnownFileType = sourcecode.c.h; path = MenuCell.h; sourceTree = "<group>"; };
		0CAAD3161A32856A00DE3B5B /* MenuCell.m */ = {isa = PBXFileReference; fileEncoding = 4; lastKnownFileType = sourcecode.c.objc; path = MenuCell.m; sourceTree = "<group>"; };
		0CDC13BD1A3430380074B6CF /* LoginViewController.h */ = {isa = PBXFileReference; fileEncoding = 4; lastKnownFileType = sourcecode.c.h; path = LoginViewController.h; sourceTree = "<group>"; };
		0CDC13BE1A3430380074B6CF /* LoginViewController.m */ = {isa = PBXFileReference; fileEncoding = 4; lastKnownFileType = sourcecode.c.objc; path = LoginViewController.m; sourceTree = "<group>"; };
		0CDC13C01A3434CE0074B6CF /* MainLoginViewController.h */ = {isa = PBXFileReference; fileEncoding = 4; lastKnownFileType = sourcecode.c.h; path = MainLoginViewController.h; sourceTree = "<group>"; };
		0CDC13C11A3434CE0074B6CF /* MainLoginViewController.m */ = {isa = PBXFileReference; fileEncoding = 4; lastKnownFileType = sourcecode.c.objc; path = MainLoginViewController.m; sourceTree = "<group>"; };
		9301EBAF5A5D5CB69BB60A59 /* Pods-Delima.release.xcconfig */ = {isa = PBXFileReference; includeInIndex = 1; lastKnownFileType = text.xcconfig; name = "Pods-Delima.release.xcconfig"; path = "Pods/Target Support Files/Pods-Delima/Pods-Delima.release.xcconfig"; sourceTree = "<group>"; };
		C33F5048AF3CDEF2614FF158 /* libPods-Delima.a */ = {isa = PBXFileReference; explicitFileType = archive.ar; includeInIndex = 0; path = "libPods-Delima.a"; sourceTree = BUILT_PRODUCTS_DIR; };
/* End PBXFileReference section */

/* Begin PBXFrameworksBuildPhase section */
		0C3055E91A31F3F600F4D4B2 /* Frameworks */ = {
			isa = PBXFrameworksBuildPhase;
			buildActionMask = 2147483647;
			files = (
				23F0F348DE0464F21073F790 /* libPods-Delima.a in Frameworks */,
			);
			runOnlyForDeploymentPostprocessing = 0;
		};
		0C3056021A31F3F600F4D4B2 /* Frameworks */ = {
			isa = PBXFrameworksBuildPhase;
			buildActionMask = 2147483647;
			files = (
			);
			runOnlyForDeploymentPostprocessing = 0;
		};
/* End PBXFrameworksBuildPhase section */

/* Begin PBXGroup section */
		0C2905011A333E9700227B1E /* User */ = {
			isa = PBXGroup;
			children = (
				0C2905021A333EB200227B1E /* User.h */,
				0C2905031A333EB200227B1E /* User.m */,
			);
			name = User;
			sourceTree = "<group>";
		};
		0C2905051A333F6400227B1E /* Favorite */ = {
			isa = PBXGroup;
			children = (
				0C2905061A333F7400227B1E /* Favorite.h */,
				0C2905071A333F7400227B1E /* Favorite.m */,
			);
			name = Favorite;
			sourceTree = "<group>";
		};
		0C29051A1A33452E00227B1E /* Static Data */ = {
			isa = PBXGroup;
			children = (
				0C29051B1A3345E400227B1E /* status.plist */,
			);
			name = "Static Data";
			sourceTree = "<group>";
		};
		0C3055E31A31F3F600F4D4B2 = {
			isa = PBXGroup;
			children = (
				0CAAD2DD1A320AD100DE3B5B /* Default-568h@2x.png */,
				0C3055EE1A31F3F600F4D4B2 /* Delima */,
				0C3056081A31F3F600F4D4B2 /* DelimaTests */,
				0C3055ED1A31F3F600F4D4B2 /* Products */,
				452FBBC6174022475BC4B2BF /* Pods */,
				12DC53652AC0E4C707F27A48 /* Frameworks */,
			);
			sourceTree = "<group>";
		};
		0C3055ED1A31F3F600F4D4B2 /* Products */ = {
			isa = PBXGroup;
			children = (
				0C3055EC1A31F3F600F4D4B2 /* Delima.app */,
				0C3056051A31F3F600F4D4B2 /* DelimaTests.xctest */,
			);
			name = Products;
			sourceTree = "<group>";
		};
		0C3055EE1A31F3F600F4D4B2 /* Delima */ = {
			isa = PBXGroup;
			children = (
				0CFE87421A337DA400C6D1CB /* View */,
				0CAAD3091A3231DF00DE3B5B /* Resource */,
				0CAAD3061A32287600DE3B5B /* Model */,
				0CAAD2FB1A3221B700DE3B5B /* Manager */,
				0CAAD2E11A320B3A00DE3B5B /* Helper */,
				0CAAD2DF1A320B2600DE3B5B /* View Controller */,
				0CAAD2DA1A32086500DE3B5B /* Storyboard */,
				0CAAD2D71A31FC0B00DE3B5B /* Navigation Controller */,
				0CAAD2D61A31FC0400DE3B5B /* Controller */,
				0C3055F31A31F3F600F4D4B2 /* AppDelegate.h */,
				0C3055F41A31F3F600F4D4B2 /* AppDelegate.m */,
				0C3055FC1A31F3F600F4D4B2 /* Images.xcassets */,
				0C3055EF1A31F3F600F4D4B2 /* Supporting Files */,
			);
			path = Delima;
			sourceTree = "<group>";
		};
		0C3055EF1A31F3F600F4D4B2 /* Supporting Files */ = {
			isa = PBXGroup;
			children = (
				0C3055F01A31F3F600F4D4B2 /* Info.plist */,
				0C3055F11A31F3F600F4D4B2 /* main.m */,
				0CAAD3051A32270100DE3B5B /* PrefixHeader.pch */,
			);
			name = "Supporting Files";
			sourceTree = "<group>";
		};
		0C3056081A31F3F600F4D4B2 /* DelimaTests */ = {
			isa = PBXGroup;
			children = (
				0C30560B1A31F3F600F4D4B2 /* DelimaTests.m */,
				0C3056091A31F3F600F4D4B2 /* Supporting Files */,
			);
			path = DelimaTests;
			sourceTree = "<group>";
		};
		0C3056091A31F3F600F4D4B2 /* Supporting Files */ = {
			isa = PBXGroup;
			children = (
				0C30560A1A31F3F600F4D4B2 /* Info.plist */,
			);
			name = "Supporting Files";
			sourceTree = "<group>";
		};
		0C9FCA8B1A3B43B700BED34F /* Cash In */ = {
			isa = PBXGroup;
			children = (
				0C9FCA9B1A3BFCD800BED34F /* CashInViewController.h */,
				0C9FCA9C1A3BFCD800BED34F /* CashInViewController.m */,
			);
			name = "Cash In";
			sourceTree = "<group>";
		};
		0C9FCA8C1A3B44CB00BED34F /* Transfer */ = {
			isa = PBXGroup;
			children = (
				0C9FCA9E1A3BFE2800BED34F /* TransferViewController.h */,
				0C9FCA9F1A3BFE2800BED34F /* TransferViewController.m */,
				0C9FCAA11A3BFE4E00BED34F /* TransferTableViewController.h */,
				0C9FCAA21A3BFE4E00BED34F /* TransferTableViewController.m */,
			);
			name = Transfer;
			sourceTree = "<group>";
		};
		0C9FCA8D1A3B44D700BED34F /* Beli */ = {
			isa = PBXGroup;
			children = (
				0C9FCAAE1A3C046500BED34F /* BeliListTableViewController.h */,
				0C9FCAAF1A3C046500BED34F /* BeliListTableViewController.m */,
				0C9FCAB11A3C049E00BED34F /* SharedBeliViewController.h */,
				0C9FCAB21A3C049E00BED34F /* SharedBeliViewController.m */,
			);
			name = Beli;
			sourceTree = "<group>";
		};
		0C9FCA8E1A3B44DF00BED34F /* Bayar */ = {
			isa = PBXGroup;
			children = (
				0C9FCAA81A3C011200BED34F /* BayarListTableViewController.h */,
				0C9FCAA91A3C011200BED34F /* BayarListTableViewController.m */,
				0C9FCAAB1A3C013600BED34F /* SharedBayarDetailViewController.h */,
				0C9FCAAC1A3C013600BED34F /* SharedBayarDetailViewController.m */,
			);
			name = Bayar;
			sourceTree = "<group>";
		};
		0C9FCA8F1A3B44E300BED34F /* History Online */ = {
			isa = PBXGroup;
			children = (
				0C9FCAB41A3C08C100BED34F /* HistoryTableViewController.h */,
				0C9FCAB51A3C08C100BED34F /* HistoryTableViewController.m */,
			);
			name = "History Online";
			sourceTree = "<group>";
		};
		0C9FCA901A3B44F000BED34F /* Profile dan Pengaturan */ = {
			isa = PBXGroup;
			children = (
			);
			name = "Profile dan Pengaturan";
			sourceTree = "<group>";
		};
		0CAAD2D61A31FC0400DE3B5B /* Controller */ = {
			isa = PBXGroup;
			children = (
			);
			name = Controller;
			sourceTree = "<group>";
		};
		0CAAD2D71A31FC0B00DE3B5B /* Navigation Controller */ = {
			isa = PBXGroup;
			children = (
			);
			name = "Navigation Controller";
			sourceTree = "<group>";
		};
		0CAAD2DA1A32086500DE3B5B /* Storyboard */ = {
			isa = PBXGroup;
			children = (
				0CAAD2E51A320ED100DE3B5B /* Main.storyboard */,
				0C6D9FB71A386FEF00DC9E2D /* Login.storyboard */,
				0C9FCA921A3B496000BED34F /* Cashin.storyboard */,
				0C9FCA941A3B496F00BED34F /* Beli.storyboard */,
				0C9FCA961A3B497A00BED34F /* Bayar.storyboard */,
				0C9FCA991A3BFA2E00BED34F /* Transfer.storyboard */,
				0C9FCAA41A3BFF5C00BED34F /* History.storyboard */,
				0C9FCAA61A3BFF6900BED34F /* Pengaturan.storyboard */,
			);
			name = Storyboard;
			sourceTree = "<group>";
		};
		0CAAD2DF1A320B2600DE3B5B /* View Controller */ = {
			isa = PBXGroup;
			children = (
				0C9FCA901A3B44F000BED34F /* Profile dan Pengaturan */,
				0C9FCA8F1A3B44E300BED34F /* History Online */,
				0C9FCA8E1A3B44DF00BED34F /* Bayar */,
				0C9FCA8D1A3B44D700BED34F /* Beli */,
				0C9FCA8C1A3B44CB00BED34F /* Transfer */,
				0C9FCA8B1A3B43B700BED34F /* Cash In */,
				0CDC13BC1A3430210074B6CF /* Login */,
				0CAAD2E71A3211EA00DE3B5B /* Left Menu */,
				0CAAD2E01A320B3000DE3B5B /* Home */,
			);
			name = "View Controller";
			sourceTree = "<group>";
		};
		0CAAD2E01A320B3000DE3B5B /* Home */ = {
			isa = PBXGroup;
			children = (
				0C3055F61A31F3F600F4D4B2 /* ViewController.h */,
				0C3055F71A31F3F600F4D4B2 /* ViewController.m */,
			);
			name = Home;
			sourceTree = "<group>";
		};
		0CAAD2E11A320B3A00DE3B5B /* Helper */ = {
			isa = PBXGroup;
			children = (
				0CAAD2FD1A3222BB00DE3B5B /* Static */,
				0CAAD2F51A32217100DE3B5B /* BarHelper.h */,
				0CAAD2F61A32217100DE3B5B /* BarHelper.m */,
				0CAAD2F81A32218200DE3B5B /* ColorHelper.h */,
				0CAAD2F91A32218200DE3B5B /* ColorHelper.m */,
				0C66B2361A3868360006CBAB /* DelimaCommonFunction.h */,
				0C66B2371A3868360006CBAB /* DelimaCommonFunction.m */,
			);
			name = Helper;
			sourceTree = "<group>";
		};
		0CAAD2E71A3211EA00DE3B5B /* Left Menu */ = {
			isa = PBXGroup;
			children = (
				0CAAD3081A322F4700DE3B5B /* Cell Subclass */,
				0CAAD2E81A32120300DE3B5B /* LeftViewController.h */,
				0CAAD2E91A32120300DE3B5B /* LeftViewController.m */,
			);
			name = "Left Menu";
			sourceTree = "<group>";
		};
		0CAAD2FB1A3221B700DE3B5B /* Manager */ = {
			isa = PBXGroup;
			children = (
				0CAAD3071A32288700DE3B5B /* Realm Manager */,
				0CAAD2FC1A32227200DE3B5B /* API Manager */,
			);
			name = Manager;
			sourceTree = "<group>";
		};
		0CAAD2FC1A32227200DE3B5B /* API Manager */ = {
			isa = PBXGroup;
			children = (
				0CAAD3011A32235F00DE3B5B /* delimaAPIManager.h */,
				0CAAD3021A32235F00DE3B5B /* delimaAPIManager.m */,
				0C6D9FB91A38726900DC9E2D /* API+LoginManager.h */,
				0C6D9FBA1A38726900DC9E2D /* API+LoginManager.m */,
			);
			name = "API Manager";
			sourceTree = "<group>";
		};
		0CAAD2FD1A3222BB00DE3B5B /* Static */ = {
			isa = PBXGroup;
			children = (
				0CAAD2FE1A32230300DE3B5B /* globalVariable.h */,
				0CAAD2FF1A32230300DE3B5B /* globalVariable.m */,
			);
			name = Static;
			sourceTree = "<group>";
		};
		0CAAD3061A32287600DE3B5B /* Model */ = {
			isa = PBXGroup;
			children = (
				0C2905051A333F6400227B1E /* Favorite */,
				0C2905011A333E9700227B1E /* User */,
			);
			name = Model;
			sourceTree = "<group>";
		};
		0CAAD3071A32288700DE3B5B /* Realm Manager */ = {
			isa = PBXGroup;
			children = (
				0C2904FE1A332BE200227B1E /* RealmManager.h */,
				0C2904FF1A332BE200227B1E /* RealmManager.m */,
			);
			name = "Realm Manager";
			sourceTree = "<group>";
		};
		0CAAD3081A322F4700DE3B5B /* Cell Subclass */ = {
			isa = PBXGroup;
			children = (
				0CAAD3151A32856A00DE3B5B /* MenuCell.h */,
				0CAAD3161A32856A00DE3B5B /* MenuCell.m */,
			);
			name = "Cell Subclass";
			sourceTree = "<group>";
		};
		0CAAD3091A3231DF00DE3B5B /* Resource */ = {
			isa = PBXGroup;
			children = (
				0C29051A1A33452E00227B1E /* Static Data */,
				0CAAD30A1A3231E700DE3B5B /* Font */,
			);
			name = Resource;
			sourceTree = "<group>";
		};
		0CAAD30A1A3231E700DE3B5B /* Font */ = {
			isa = PBXGroup;
			children = (
			);
			name = Font;
			sourceTree = "<group>";
		};
		0CDC13BC1A3430210074B6CF /* Login */ = {
			isa = PBXGroup;
			children = (
				0CDC13BD1A3430380074B6CF /* LoginViewController.h */,
				0CDC13BE1A3430380074B6CF /* LoginViewController.m */,
				0CDC13C01A3434CE0074B6CF /* MainLoginViewController.h */,
				0CDC13C11A3434CE0074B6CF /* MainLoginViewController.m */,
			);
			name = Login;
			sourceTree = "<group>";
		};
		0CFE87421A337DA400C6D1CB /* View */ = {
			isa = PBXGroup;
			children = (
				0CFE87431A337DAC00C6D1CB /* Top View */,
			);
			name = View;
			sourceTree = "<group>";
		};
		0CFE87431A337DAC00C6D1CB /* Top View */ = {
			isa = PBXGroup;
			children = (
			);
			name = "Top View";
			sourceTree = "<group>";
		};
		12DC53652AC0E4C707F27A48 /* Frameworks */ = {
			isa = PBXGroup;
			children = (
				C33F5048AF3CDEF2614FF158 /* libPods-Delima.a */,
			);
			name = Frameworks;
			sourceTree = "<group>";
		};
		452FBBC6174022475BC4B2BF /* Pods */ = {
			isa = PBXGroup;
			children = (
				082D33E1F53ABADDD871A6AF /* Pods-Delima.debug.xcconfig */,
				9301EBAF5A5D5CB69BB60A59 /* Pods-Delima.release.xcconfig */,
			);
			name = Pods;
			sourceTree = "<group>";
		};
/* End PBXGroup section */

/* Begin PBXNativeTarget section */
		0C3055EB1A31F3F600F4D4B2 /* Delima */ = {
			isa = PBXNativeTarget;
			buildConfigurationList = 0C30560F1A31F3F600F4D4B2 /* Build configuration list for PBXNativeTarget "Delima" */;
			buildPhases = (
				9844ED59164465994002064D /* Check Pods Manifest.lock */,
				0C3055E81A31F3F600F4D4B2 /* Sources */,
				0C3055E91A31F3F600F4D4B2 /* Frameworks */,
				0C3055EA1A31F3F600F4D4B2 /* Resources */,
				A9A02B674BE128787B2CD8BB /* Copy Pods Resources */,
			);
			buildRules = (
			);
			dependencies = (
			);
			name = Delima;
			productName = Delima;
			productReference = 0C3055EC1A31F3F600F4D4B2 /* Delima.app */;
			productType = "com.apple.product-type.application";
		};
		0C3056041A31F3F600F4D4B2 /* DelimaTests */ = {
			isa = PBXNativeTarget;
			buildConfigurationList = 0C3056121A31F3F600F4D4B2 /* Build configuration list for PBXNativeTarget "DelimaTests" */;
			buildPhases = (
				0C3056011A31F3F600F4D4B2 /* Sources */,
				0C3056021A31F3F600F4D4B2 /* Frameworks */,
				0C3056031A31F3F600F4D4B2 /* Resources */,
			);
			buildRules = (
			);
			dependencies = (
				0C3056071A31F3F600F4D4B2 /* PBXTargetDependency */,
			);
			name = DelimaTests;
			productName = DelimaTests;
			productReference = 0C3056051A31F3F600F4D4B2 /* DelimaTests.xctest */;
			productType = "com.apple.product-type.bundle.unit-test";
		};
/* End PBXNativeTarget section */

/* Begin PBXProject section */
		0C3055E41A31F3F600F4D4B2 /* Project object */ = {
			isa = PBXProject;
			attributes = {
				LastUpgradeCheck = 0610;
				ORGANIZATIONNAME = netra;
				TargetAttributes = {
					0C3055EB1A31F3F600F4D4B2 = {
						CreatedOnToolsVersion = 6.1;
					};
					0C3056041A31F3F600F4D4B2 = {
						CreatedOnToolsVersion = 6.1;
						TestTargetID = 0C3055EB1A31F3F600F4D4B2;
					};
				};
			};
			buildConfigurationList = 0C3055E71A31F3F600F4D4B2 /* Build configuration list for PBXProject "Delima" */;
			compatibilityVersion = "Xcode 3.2";
			developmentRegion = English;
			hasScannedForEncodings = 0;
			knownRegions = (
				en,
				Base,
			);
			mainGroup = 0C3055E31A31F3F600F4D4B2;
			productRefGroup = 0C3055ED1A31F3F600F4D4B2 /* Products */;
			projectDirPath = "";
			projectRoot = "";
			targets = (
				0C3055EB1A31F3F600F4D4B2 /* Delima */,
				0C3056041A31F3F600F4D4B2 /* DelimaTests */,
			);
		};
/* End PBXProject section */

/* Begin PBXResourcesBuildPhase section */
		0C3055EA1A31F3F600F4D4B2 /* Resources */ = {
			isa = PBXResourcesBuildPhase;
			buildActionMask = 2147483647;
			files = (
				0C9FCA931A3B496000BED34F /* Cashin.storyboard in Resources */,
				0CAAD2E61A320ED100DE3B5B /* Main.storyboard in Resources */,
				0C9FCAA71A3BFF6900BED34F /* Pengaturan.storyboard in Resources */,
				0C9FCA951A3B496F00BED34F /* Beli.storyboard in Resources */,
				0C9FCAA51A3BFF5C00BED34F /* History.storyboard in Resources */,
				0C3055FD1A31F3F600F4D4B2 /* Images.xcassets in Resources */,
				0C9FCA9A1A3BFA2F00BED34F /* Transfer.storyboard in Resources */,
				0C29051C1A3345E400227B1E /* status.plist in Resources */,
				0C6D9FB81A386FEF00DC9E2D /* Login.storyboard in Resources */,
				0C9FCA971A3B497A00BED34F /* Bayar.storyboard in Resources */,
				0CAAD2DE1A320AD100DE3B5B /* Default-568h@2x.png in Resources */,
			);
			runOnlyForDeploymentPostprocessing = 0;
		};
		0C3056031A31F3F600F4D4B2 /* Resources */ = {
			isa = PBXResourcesBuildPhase;
			buildActionMask = 2147483647;
			files = (
			);
			runOnlyForDeploymentPostprocessing = 0;
		};
/* End PBXResourcesBuildPhase section */

/* Begin PBXShellScriptBuildPhase section */
		9844ED59164465994002064D /* Check Pods Manifest.lock */ = {
			isa = PBXShellScriptBuildPhase;
			buildActionMask = 2147483647;
			files = (
			);
			inputPaths = (
			);
			name = "Check Pods Manifest.lock";
			outputPaths = (
			);
			runOnlyForDeploymentPostprocessing = 0;
			shellPath = /bin/sh;
			shellScript = "diff \"${PODS_ROOT}/../Podfile.lock\" \"${PODS_ROOT}/Manifest.lock\" > /dev/null\nif [[ $? != 0 ]] ; then\n    cat << EOM\nerror: The sandbox is not in sync with the Podfile.lock. Run 'pod install' or update your CocoaPods installation.\nEOM\n    exit 1\nfi\n";
			showEnvVarsInLog = 0;
		};
		A9A02B674BE128787B2CD8BB /* Copy Pods Resources */ = {
			isa = PBXShellScriptBuildPhase;
			buildActionMask = 2147483647;
			files = (
			);
			inputPaths = (
			);
			name = "Copy Pods Resources";
			outputPaths = (
			);
			runOnlyForDeploymentPostprocessing = 0;
			shellPath = /bin/sh;
			shellScript = "\"${SRCROOT}/Pods/Target Support Files/Pods-Delima/Pods-Delima-resources.sh\"\n";
			showEnvVarsInLog = 0;
		};
/* End PBXShellScriptBuildPhase section */

/* Begin PBXSourcesBuildPhase section */
		0C3055E81A31F3F600F4D4B2 /* Sources */ = {
			isa = PBXSourcesBuildPhase;
			buildActionMask = 2147483647;
			files = (
				0C9FCAB61A3C08C100BED34F /* HistoryTableViewController.m in Sources */,
				0C9FCAAD1A3C013600BED34F /* SharedBayarDetailViewController.m in Sources */,
				0C3055F81A31F3F600F4D4B2 /* ViewController.m in Sources */,
				0C9FCA9D1A3BFCD800BED34F /* CashInViewController.m in Sources */,
				0CAAD2FA1A32218200DE3B5B /* ColorHelper.m in Sources */,
				0C9FCAAA1A3C011200BED34F /* BayarListTableViewController.m in Sources */,
				0CDC13BF1A3430380074B6CF /* LoginViewController.m in Sources */,
				0C9FCAA31A3BFE4E00BED34F /* TransferTableViewController.m in Sources */,
				0CAAD2EA1A32120300DE3B5B /* LeftViewController.m in Sources */,
				0C66B2381A3868360006CBAB /* DelimaCommonFunction.m in Sources */,
				0C2905001A332BE200227B1E /* RealmManager.m in Sources */,
				0C6D9FBB1A38726900DC9E2D /* API+LoginManager.m in Sources */,
				0CAAD3171A32856A00DE3B5B /* MenuCell.m in Sources */,
				0C9FCAB31A3C049E00BED34F /* SharedBeliViewController.m in Sources */,
				0C3055F51A31F3F600F4D4B2 /* AppDelegate.m in Sources */,
				0C2905041A333EB200227B1E /* User.m in Sources */,
				0CAAD3001A32230300DE3B5B /* globalVariable.m in Sources */,
				0CDC13C21A3434CF0074B6CF /* MainLoginViewController.m in Sources */,
				0CAAD2F71A32217100DE3B5B /* BarHelper.m in Sources */,
				0C9FCAB01A3C046500BED34F /* BeliListTableViewController.m in Sources */,
				0C2905081A333F7400227B1E /* Favorite.m in Sources */,
				0CAAD3031A32235F00DE3B5B /* delimaAPIManager.m in Sources */,
				0C3055F21A31F3F600F4D4B2 /* main.m in Sources */,
				0C9FCAA01A3BFE2800BED34F /* TransferViewController.m in Sources */,
			);
			runOnlyForDeploymentPostprocessing = 0;
		};
		0C3056011A31F3F600F4D4B2 /* Sources */ = {
			isa = PBXSourcesBuildPhase;
			buildActionMask = 2147483647;
			files = (
				0C30560C1A31F3F600F4D4B2 /* DelimaTests.m in Sources */,
			);
			runOnlyForDeploymentPostprocessing = 0;
		};
/* End PBXSourcesBuildPhase section */

/* Begin PBXTargetDependency section */
		0C3056071A31F3F600F4D4B2 /* PBXTargetDependency */ = {
			isa = PBXTargetDependency;
			target = 0C3055EB1A31F3F600F4D4B2 /* Delima */;
			targetProxy = 0C3056061A31F3F600F4D4B2 /* PBXContainerItemProxy */;
		};
/* End PBXTargetDependency section */

/* Begin XCBuildConfiguration section */
		0C30560D1A31F3F600F4D4B2 /* Debug */ = {
			isa = XCBuildConfiguration;
			buildSettings = {
				ALWAYS_SEARCH_USER_PATHS = NO;
				CLANG_CXX_LANGUAGE_STANDARD = "gnu++0x";
				CLANG_CXX_LIBRARY = "libc++";
				CLANG_ENABLE_MODULES = YES;
				CLANG_ENABLE_OBJC_ARC = YES;
				CLANG_WARN_BOOL_CONVERSION = YES;
				CLANG_WARN_CONSTANT_CONVERSION = YES;
				CLANG_WARN_DIRECT_OBJC_ISA_USAGE = YES_ERROR;
				CLANG_WARN_EMPTY_BODY = YES;
				CLANG_WARN_ENUM_CONVERSION = YES;
				CLANG_WARN_INT_CONVERSION = YES;
				CLANG_WARN_OBJC_ROOT_CLASS = YES_ERROR;
				CLANG_WARN_UNREACHABLE_CODE = YES;
				CLANG_WARN__DUPLICATE_METHOD_MATCH = YES;
				"CODE_SIGN_IDENTITY[sdk=iphoneos*]" = "iPhone Developer";
				COPY_PHASE_STRIP = NO;
				ENABLE_STRICT_OBJC_MSGSEND = YES;
				GCC_C_LANGUAGE_STANDARD = gnu99;
				GCC_DYNAMIC_NO_PIC = NO;
				GCC_OPTIMIZATION_LEVEL = 0;
				GCC_PREPROCESSOR_DEFINITIONS = (
					"DEBUG=1",
					"$(inherited)",
				);
				GCC_SYMBOLS_PRIVATE_EXTERN = NO;
				GCC_WARN_64_TO_32_BIT_CONVERSION = YES;
				GCC_WARN_ABOUT_RETURN_TYPE = YES_ERROR;
				GCC_WARN_UNDECLARED_SELECTOR = YES;
				GCC_WARN_UNINITIALIZED_AUTOS = YES_AGGRESSIVE;
				GCC_WARN_UNUSED_FUNCTION = YES;
				GCC_WARN_UNUSED_VARIABLE = YES;
				IPHONEOS_DEPLOYMENT_TARGET = 8.1;
				MTL_ENABLE_DEBUG_INFO = YES;
				ONLY_ACTIVE_ARCH = YES;
				SDKROOT = iphoneos;
			};
			name = Debug;
		};
		0C30560E1A31F3F600F4D4B2 /* Release */ = {
			isa = XCBuildConfiguration;
			buildSettings = {
				ALWAYS_SEARCH_USER_PATHS = NO;
				CLANG_CXX_LANGUAGE_STANDARD = "gnu++0x";
				CLANG_CXX_LIBRARY = "libc++";
				CLANG_ENABLE_MODULES = YES;
				CLANG_ENABLE_OBJC_ARC = YES;
				CLANG_WARN_BOOL_CONVERSION = YES;
				CLANG_WARN_CONSTANT_CONVERSION = YES;
				CLANG_WARN_DIRECT_OBJC_ISA_USAGE = YES_ERROR;
				CLANG_WARN_EMPTY_BODY = YES;
				CLANG_WARN_ENUM_CONVERSION = YES;
				CLANG_WARN_INT_CONVERSION = YES;
				CLANG_WARN_OBJC_ROOT_CLASS = YES_ERROR;
				CLANG_WARN_UNREACHABLE_CODE = YES;
				CLANG_WARN__DUPLICATE_METHOD_MATCH = YES;
				"CODE_SIGN_IDENTITY[sdk=iphoneos*]" = "iPhone Developer";
				COPY_PHASE_STRIP = YES;
				ENABLE_NS_ASSERTIONS = NO;
				ENABLE_STRICT_OBJC_MSGSEND = YES;
				GCC_C_LANGUAGE_STANDARD = gnu99;
				GCC_WARN_64_TO_32_BIT_CONVERSION = YES;
				GCC_WARN_ABOUT_RETURN_TYPE = YES_ERROR;
				GCC_WARN_UNDECLARED_SELECTOR = YES;
				GCC_WARN_UNINITIALIZED_AUTOS = YES_AGGRESSIVE;
				GCC_WARN_UNUSED_FUNCTION = YES;
				GCC_WARN_UNUSED_VARIABLE = YES;
				IPHONEOS_DEPLOYMENT_TARGET = 8.1;
				MTL_ENABLE_DEBUG_INFO = NO;
				SDKROOT = iphoneos;
				VALIDATE_PRODUCT = YES;
			};
			name = Release;
		};
		0C3056101A31F3F600F4D4B2 /* Debug */ = {
			isa = XCBuildConfiguration;
			baseConfigurationReference = 082D33E1F53ABADDD871A6AF /* Pods-Delima.debug.xcconfig */;
			buildSettings = {
				ASSETCATALOG_COMPILER_APPICON_NAME = AppIcon;
				ASSETCATALOG_COMPILER_LAUNCHIMAGE_NAME = LaunchImage;
				GCC_INCREASE_PRECOMPILED_HEADER_SHARING = NO;
				GCC_PRECOMPILE_PREFIX_HEADER = NO;
				GCC_PREFIX_HEADER = Delima/PrefixHeader.pch;
				INFOPLIST_FILE = Delima/Info.plist;
				IPHONEOS_DEPLOYMENT_TARGET = 7.0;
				LD_RUNPATH_SEARCH_PATHS = "$(inherited) @executable_path/Frameworks";
				PRODUCT_NAME = "$(TARGET_NAME)";
				TARGETED_DEVICE_FAMILY = 1;
			};
			name = Debug;
		};
		0C3056111A31F3F600F4D4B2 /* Release */ = {
			isa = XCBuildConfiguration;
			baseConfigurationReference = 9301EBAF5A5D5CB69BB60A59 /* Pods-Delima.release.xcconfig */;
			buildSettings = {
				ASSETCATALOG_COMPILER_APPICON_NAME = AppIcon;
				ASSETCATALOG_COMPILER_LAUNCHIMAGE_NAME = LaunchImage;
				GCC_INCREASE_PRECOMPILED_HEADER_SHARING = NO;
				GCC_PRECOMPILE_PREFIX_HEADER = NO;
				GCC_PREFIX_HEADER = Delima/PrefixHeader.pch;
				INFOPLIST_FILE = Delima/Info.plist;
				IPHONEOS_DEPLOYMENT_TARGET = 7.0;
				LD_RUNPATH_SEARCH_PATHS = "$(inherited) @executable_path/Frameworks";
				PRODUCT_NAME = "$(TARGET_NAME)";
				TARGETED_DEVICE_FAMILY = 1;
			};
			name = Release;
		};
		0C3056131A31F3F600F4D4B2 /* Debug */ = {
			isa = XCBuildConfiguration;
			buildSettings = {
				BUNDLE_LOADER = "$(TEST_HOST)";
				FRAMEWORK_SEARCH_PATHS = (
					"$(SDKROOT)/Developer/Library/Frameworks",
					"$(inherited)",
				);
				GCC_PREPROCESSOR_DEFINITIONS = (
					"DEBUG=1",
					"$(inherited)",
				);
				INFOPLIST_FILE = DelimaTests/Info.plist;
				LD_RUNPATH_SEARCH_PATHS = "$(inherited) @executable_path/Frameworks @loader_path/Frameworks";
				PRODUCT_NAME = "$(TARGET_NAME)";
				TEST_HOST = "$(BUILT_PRODUCTS_DIR)/Delima.app/Delima";
			};
			name = Debug;
		};
		0C3056141A31F3F600F4D4B2 /* Release */ = {
			isa = XCBuildConfiguration;
			buildSettings = {
				BUNDLE_LOADER = "$(TEST_HOST)";
				FRAMEWORK_SEARCH_PATHS = (
					"$(SDKROOT)/Developer/Library/Frameworks",
					"$(inherited)",
				);
				INFOPLIST_FILE = DelimaTests/Info.plist;
				LD_RUNPATH_SEARCH_PATHS = "$(inherited) @executable_path/Frameworks @loader_path/Frameworks";
				PRODUCT_NAME = "$(TARGET_NAME)";
				TEST_HOST = "$(BUILT_PRODUCTS_DIR)/Delima.app/Delima";
			};
			name = Release;
		};
/* End XCBuildConfiguration section */

/* Begin XCConfigurationList section */
		0C3055E71A31F3F600F4D4B2 /* Build configuration list for PBXProject "Delima" */ = {
			isa = XCConfigurationList;
			buildConfigurations = (
				0C30560D1A31F3F600F4D4B2 /* Debug */,
				0C30560E1A31F3F600F4D4B2 /* Release */,
			);
			defaultConfigurationIsVisible = 0;
			defaultConfigurationName = Release;
		};
		0C30560F1A31F3F600F4D4B2 /* Build configuration list for PBXNativeTarget "Delima" */ = {
			isa = XCConfigurationList;
			buildConfigurations = (
				0C3056101A31F3F600F4D4B2 /* Debug */,
				0C3056111A31F3F600F4D4B2 /* Release */,
			);
			defaultConfigurationIsVisible = 0;
			defaultConfigurationName = Release;
		};
		0C3056121A31F3F600F4D4B2 /* Build configuration list for PBXNativeTarget "DelimaTests" */ = {
			isa = XCConfigurationList;
			buildConfigurations = (
				0C3056131A31F3F600F4D4B2 /* Debug */,
				0C3056141A31F3F600F4D4B2 /* Release */,
			);
			defaultConfigurationIsVisible = 0;
			defaultConfigurationName = Release;
		};
/* End XCConfigurationList section */
	};
	rootObject = 0C3055E41A31F3F600F4D4B2 /* Project object */;
}
